
Microsoft Visual Studio Solution File, Format Version 12.00
# Visual Studio 15
VisualStudioVersion = 15.0.28010.2046
MinimumVisualStudioVersion = 10.0.40219.1
Project("{FAE04EC0-301F-11D3-BF4B-00C04F79EFBC}") = "ConsoleApp4", "ConsoleApp4\ConsoleApp4.csproj", "{DBAD77A6-9B57-42F6-84D2-BACE3F02EE2F}"
EndProject
Global
	GlobalSection(SolutionConfigurationPlatforms) = preSolution
		Debug|Any CPU = Debug|Any CPU
		Release|Any CPU = Release|Any CPU
	EndGlobalSection
	GlobalSection(ProjectConfigurationPlatforms) = postSolution
		{DBAD77A6-9B57-42F6-84D2-BACE3F02EE2F}.Debug|Any CPU.ActiveCfg = Debug|Any CPU
		{DBAD77A6-9B57-42F6-84D2-BACE3F02EE2F}.Debug|Any CPU.Build.0 = Debug|Any CPU
		{DBAD77A6-9B57-42F6-84D2-BACE3F02EE2F}.Release|Any CPU.ActiveCfg = Release|Any CPU
		{DBAD77A6-9B57-42F6-84D2-BACE3F02EE2F}.Release|Any CPU.Build.0 = Release|Any CPU
	EndGlobalSection
	GlobalSection(SolutionProperties) = preSolution
		HideSolutionNode = FALSE
	EndGlobalSection
	GlobalSection(ExtensibilityGlobals) = postSolution
		SolutionGuid = {213B710E-8D51-47F7-8E96-1E9D2DD1387F}
	EndGlobalSection
EndGlobal
